{
  "name": "termlab",
  "version": "0.1.0-snapshot.0",
  "lockfileVersion": 3,
  "requires": true,
  "packages": {
    "": {
      "name": "termlab",
      "version": "0.1.0-snapshot.0",
      "license": "UNLICENSED",
      "dependencies": {
        "@wasm-audio-decoders/flac": "^0.1.12",
        "terminal-kit": "^3.0.0"
      }
    },
    "node_modules/@cronvel/get-pixels": {
      "version": "3.4.1",
      "resolved": "https://registry.npmjs.org/@cronvel/get-pixels/-/get-pixels-3.4.1.tgz",
      "integrity": "sha512-gB5C5nDIacLUdsMuW8YsM9SzK3vaFANe4J11CVXpovpy7bZUGrcJKmc6m/0gWG789pKr6XSZY2aEetjFvSRw5g==",
      "dependencies": {
        "jpeg-js": "^0.4.4",
        "ndarray": "^1.0.19",
        "ndarray-pack": "^1.1.1",
        "node-bitmap": "0.0.1",
        "omggif": "^1.0.10",
        "pngjs": "^6.0.0"
      }
    },
    "node_modules/@eshaz/web-worker": {
      "version": "1.2.1",
      "resolved": "https://registry.npmjs.org/@eshaz/web-worker/-/web-worker-1.2.1.tgz",
      "integrity": "sha512-v5AKAVtM0toVD2rDCGjzhySWlXG/sG5HVialdzrxFKTAnFZNCjQelX0n2tPK0tE86jf4s3hpWlpRtOh8OObktg=="
    },
    "node_modules/@wasm-audio-decoders/common": {
      "version": "9.0.1",
      "resolved": "https://registry.npmjs.org/@wasm-audio-decoders/common/-/common-9.0.1.tgz",
      "integrity": "sha512-s4KxPsxhD6e+EtjmHPzTmKJSJTEXHGYlBzUGGLN/plV01x3RecybW73nIMtdLLXL8k/zQ8HYFcA6d9lqCJcDjQ==",
      "dependencies": {
        "@eshaz/web-worker": "1.2.1"
      }
    },
    "node_modules/@wasm-audio-decoders/flac": {
      "version": "0.1.12",
      "resolved": "https://registry.npmjs.org/@wasm-audio-decoders/flac/-/flac-0.1.12.tgz",
      "integrity": "sha512-k4PELVzBu4p4j0YmA2K8VF0GxoWWYqkqa3C29nOikOss1SZLnX2CczfiJCklL9AA/9tlZrvBJz3/nDxXDqR35A==",
      "dependencies": {
        "@wasm-audio-decoders/common": "9.0.1",
        "codec-parser": "2.4.2"
      },
      "funding": {
        "type": "individual",
        "url": "https://github.com/sponsors/eshaz"
      }
    },
    "node_modules/chroma-js": {
      "version": "2.4.2",
      "resolved": "https://registry.npmjs.org/chroma-js/-/chroma-js-2.4.2.tgz",
      "integrity": "sha512-U9eDw6+wt7V8z5NncY2jJfZa+hUH8XEj8FQHgFJTrUFnJfXYf4Ml4adI2vXZOjqRDpFWtYVWypDfZwnJ+HIR4A=="
    },
    "node_modules/codec-parser": {
      "version": "2.4.2",
      "resolved": "https://registry.npmjs.org/codec-parser/-/codec-parser-2.4.2.tgz",
      "integrity": "sha512-RN6gT8aGdDq4vx//Ln+MRDIKPXA3SpJKsCcQSZ4poF2bZCO4/G0C2Ko/MVNpbJ7Y9ewpzeuLlBx2zH8BpcM4ew=="
    },
    "node_modules/cwise-compiler": {
      "version": "1.1.3",
      "resolved": "https://registry.npmjs.org/cwise-compiler/-/cwise-compiler-1.1.3.tgz",
      "integrity": "sha512-WXlK/m+Di8DMMcCjcWr4i+XzcQra9eCdXIJrgh4TUgh0pIS/yJduLxS9JgefsHJ/YVLdgPtXm9r62W92MvanEQ==",
      "dependencies": {
        "uniq": "^1.0.0"
      }
    },
    "node_modules/iota-array": {
      "version": "1.0.0",
      "resolved": "https://registry.npmjs.org/iota-array/-/iota-array-1.0.0.tgz",
      "integrity": "sha512-pZ2xT+LOHckCatGQ3DcG/a+QuEqvoxqkiL7tvE8nn3uuu+f6i1TtpB5/FtWFbxUuVr5PZCx8KskuGatbJDXOWA=="
    },
    "node_modules/is-buffer": {
      "version": "1.1.6",
      "resolved": "https://registry.npmjs.org/is-buffer/-/is-buffer-1.1.6.tgz",
      "integrity": "sha512-NcdALwpXkTm5Zvvbk7owOUSvVvBKDgKP5/ewfXEznmQFfs4ZRmanOeKBTjRVjka3QFoN6XJ+9F3USqfHqTaU5w=="
    },
    "node_modules/jpeg-js": {
      "version": "0.4.4",
      "resolved": "https://registry.npmjs.org/jpeg-js/-/jpeg-js-0.4.4.tgz",
      "integrity": "sha512-WZzeDOEtTOBK4Mdsar0IqEU5sMr3vSV2RqkAIzUEV2BHnUfKGyswWFPFwK5EeDo93K3FohSHbLAjj0s1Wzd+dg=="
    },
    "node_modules/lazyness": {
      "version": "1.2.0",
      "resolved": "https://registry.npmjs.org/lazyness/-/lazyness-1.2.0.tgz",
      "integrity": "sha512-KenL6EFbwxBwRxG93t0gcUyi0Nw0Ub31FJKN1laA4UscdkL1K1AxUd0gYZdcLU3v+x+wcFi4uQKS5hL+fk500g==",
      "engines": {
        "node": ">=6.0.0"
      }
    },
    "node_modules/ndarray": {
      "version": "1.0.19",
      "resolved": "https://registry.npmjs.org/ndarray/-/ndarray-1.0.19.tgz",
      "integrity": "sha512-B4JHA4vdyZU30ELBw3g7/p9bZupyew5a7tX1Y/gGeF2hafrPaQZhgrGQfsvgfYbgdFZjYwuEcnaobeM/WMW+HQ==",
      "dependencies": {
        "iota-array": "^1.0.0",
        "is-buffer": "^1.0.2"
      }
    },
    "node_modules/ndarray-pack": {
      "version": "1.2.1",
      "resolved": "https://registry.npmjs.org/ndarray-pack/-/ndarray-pack-1.2.1.tgz",
      "integrity": "sha512-51cECUJMT0rUZNQa09EoKsnFeDL4x2dHRT0VR5U2H5ZgEcm95ZDWcMA5JShroXjHOejmAD/fg8+H+OvUnVXz2g==",
      "dependencies": {
        "cwise-compiler": "^1.1.2",
        "ndarray": "^1.0.13"
      }
    },
    "node_modules/nextgen-events": {
      "version": "1.5.3",
      "resolved": "https://registry.npmjs.org/nextgen-events/-/nextgen-events-1.5.3.tgz",
      "integrity": "sha512-P6qw6kenNXP+J9XlKJNi/MNHUQ+Lx5K8FEcSfX7/w8KJdZan5+BB5MKzuNgL2RTjHG1Svg8SehfseVEp8zAqwA==",
      "engines": {
        "node": ">=6.0.0"
      }
    },
    "node_modules/node-bitmap": {
      "version": "0.0.1",
      "resolved": "https://registry.npmjs.org/node-bitmap/-/node-bitmap-0.0.1.tgz",
      "integrity": "sha512-Jx5lPaaLdIaOsj2mVLWMWulXF6GQVdyLvNSxmiYCvZ8Ma2hfKX0POoR2kgKOqz+oFsRreq0yYZjQ2wjE9VNzCA==",
      "engines": {
        "node": ">=v0.6.5"
      }
    },
    "node_modules/omggif": {
      "version": "1.0.10",
      "resolved": "https://registry.npmjs.org/omggif/-/omggif-1.0.10.tgz",
      "integrity": "sha512-LMJTtvgc/nugXj0Vcrrs68Mn2D1r0zf630VNtqtpI1FEO7e+O9FP4gqs9AcnBaSEeoHIPm28u6qgPR0oyEpGSw=="
    },
    "node_modules/pngjs": {
      "version": "6.0.0",
      "resolved": "https://registry.npmjs.org/pngjs/-/pngjs-6.0.0.tgz",
      "integrity": "sha512-TRzzuFRRmEoSW/p1KVAmiOgPco2Irlah+bGFCeNfJXxxYGwSw7YwAOAcd7X28K/m5bjBWKsC29KyoMfHbypayg==",
      "engines": {
        "node": ">=12.13.0"
      }
    },
    "node_modules/setimmediate": {
      "version": "1.0.5",
      "resolved": "https://registry.npmjs.org/setimmediate/-/setimmediate-1.0.5.tgz",
      "integrity": "sha512-MATJdZp8sLqDl/68LfQmbP8zKPLQNV6BIZoIgrscFDQ+RsvK/BxeDQOgyxKKoh0y/8h3BqVFnCqQ/gd+reiIXA=="
    },
    "node_modules/seventh": {
      "version": "0.8.2",
      "resolved": "https://registry.npmjs.org/seventh/-/seventh-0.8.2.tgz",
      "integrity": "sha512-GQsGIdg98GLYW4KEtzr+JKfI94NTaSeJAzAL3XrObeFeHvVp7PwuVELYNzk6XO1s8rWD+tTDKce3wh/No8ZPAg==",
      "dependencies": {
        "setimmediate": "^1.0.5"
      },
      "engines": {
        "node": ">=16.13.0"
      }
    },
    "node_modules/string-kit": {
      "version": "0.17.10",
      "resolved": "https://registry.npmjs.org/string-kit/-/string-kit-0.17.10.tgz",
      "integrity": "sha512-n3/2BeEJrlzztoxeBTt9DVh0dfHordBuZoFsSJs59tk1JoPVvtvNsvAgqu0Nlpj5Y/qoQbnT8jCnfuoHcsfGnw==",
      "engines": {
        "node": ">=14.15.0"
      }
    },
    "node_modules/terminal-kit": {
      "version": "3.0.0",
      "resolved": "https://registry.npmjs.org/terminal-kit/-/terminal-kit-3.0.0.tgz",
      "integrity": "sha512-GSJGYF0+hoFylKJXmq0ntE42b4S7zUkxFpf7FqHGwKFPCNeGkuv3jV0tmGquZkmfh5mYb/B2xoPJiP40mJsQrg==",
      "dependencies": {
        "@cronvel/get-pixels": "^3.4.1",
        "chroma-js": "^2.4.2",
        "lazyness": "^1.2.0",
        "ndarray": "^1.0.19",
        "nextgen-events": "^1.5.3",
        "seventh": "^0.8.1",
        "string-kit": "^0.17.6",
        "tree-kit": "^0.7.4"
      },
      "engines": {
        "node": ">=16.13.0"
      }
    },
    "node_modules/tree-kit": {
      "version": "0.7.4",
      "resolved": "https://registry.npmjs.org/tree-kit/-/tree-kit-0.7.4.tgz",
      "integrity": "sha512-Of3tPmVs3b6BhzyUJ7t0olisf47kYr9qAm0XaUpURMjdBn6TwiVaaMuTFoKkkvPGojd9trKAHlrGGcGKcdR1DA=="
    },
    "node_modules/uniq": {
      "version": "1.0.1",
      "resolved": "https://registry.npmjs.org/uniq/-/uniq-1.0.1.tgz",
      "integrity": "sha512-Gw+zz50YNKPDKXs+9d+aKAjVwpjNwqzvNpLigIruT4HA9lMZNdMqs9x07kKHB/L9WRzqp4+DlTU5s4wG2esdoA=="
    }
  }
}
